
Microsoft Visual Studio Solution File, Format Version 12.00
# Visual Studio Version 16
VisualStudioVersion = 16.0.30621.155
MinimumVisualStudioVersion = 10.0.40219.1
Project("{FAE04EC0-301F-11D3-BF4B-00C04F79EFBC}") = "WPFChess", "WPFChess.csproj", "{8270B9EA-2CE8-4942-8E5E-B61F86BBE8CB}"
EndProject
Global
	GlobalSection(SolutionConfigurationPlatforms) = preSolution
		Debug|Any CPU = Debug|Any CPU
		Release|Any CPU = Release|Any CPU
	EndGlobalSection
	GlobalSection(ProjectConfigurationPlatforms) = postSolution
		{8270B9EA-2CE8-4942-8E5E-B61F86BBE8CB}.Debug|Any CPU.ActiveCfg = Debug|Any CPU
		{8270B9EA-2CE8-4942-8E5E-B61F86BBE8CB}.Debug|Any CPU.Build.0 = Debug|Any CPU
		{8270B9EA-2CE8-4942-8E5E-B61F86BBE8CB}.Release|Any CPU.ActiveCfg = Release|Any CPU
		{8270B9EA-2CE8-4942-8E5E-B61F86BBE8CB}.Release|Any CPU.Build.0 = Release|Any CPU
	EndGlobalSection
	GlobalSection(SolutionProperties) = preSolution
		HideSolutionNode = FALSE
	EndGlobalSection
	GlobalSection(ExtensibilityGlobals) = postSolution
		SolutionGuid = {591A7527-718C-4E80-8E63-C83F5E5ACF50}
	EndGlobalSection
EndGlobal
